{
  "name": "@ibgib/keystone-gib",
  "version": "0.0.1",
  "lockfileVersion": 3,
  "requires": true,
  "packages": {
    "": {
      "name": "@ibgib/keystone-gib",
      "version": "0.0.1",
      "license": "ISC",
      "dependencies": {
        "@ibgib/encrypt-gib": "^0.2.32",
        "@ibgib/helper-gib": "^0.0.31",
        "@ibgib/ts-gib": "^0.5.23"
      },
      "devDependencies": {
        "@types/node": "^20.2.1"
      },
      "engines": {
        "node": ">=19.0.0"
      },
      "funding": {
        "type": "individual",
        "url": "https://paypal.me/ibGib"
      }
    },
    "node_modules/@ibgib/encrypt-gib": {
      "version": "0.2.32",
      "resolved": "https://registry.npmjs.org/@ibgib/encrypt-gib/-/encrypt-gib-0.2.32.tgz",
      "integrity": "sha512-sa62d0jhnzB2hs1CHQ1aKDTsdQ7PkKfdbyXS9e6S8rB69AQ1m6EI1d40ABBtNALLbF/B1D2cpn9fw9ocY37J3Q==",
      "dependencies": {
        "@ibgib/helper-gib": "^0.0.31"
      },
      "bin": {
        "encrypt-gib": "dist/rli/rli.mjs"
      },
      "engines": {
        "node": ">=19.0.0"
      },
      "funding": {
        "type": "individual",
        "url": "https://paypal.me/ibGib"
      }
    },
    "node_modules/@ibgib/helper-gib": {
      "version": "0.0.31",
      "resolved": "https://registry.npmjs.org/@ibgib/helper-gib/-/helper-gib-0.0.31.tgz",
      "integrity": "sha512-jvG2tQSYNw6M+pAY3up+drIKmUjeKWdvIJ1eqn71bG9+dwlsrfm2LEVOZPySbXMisUD3AWdpB5sP5GXmd5KlcA==",
      "engines": {
        "node": ">=19.0.0"
      },
      "funding": {
        "type": "individual",
        "url": "https://paypal.me/ibGib"
      }
    },
    "node_modules/@ibgib/ts-gib": {
      "version": "0.5.23",
      "resolved": "https://registry.npmjs.org/@ibgib/ts-gib/-/ts-gib-0.5.23.tgz",
      "integrity": "sha512-Hd/B+YLxu6/ndCQBO7SUchGS0KekRR5xdtq1pJDGyegnpcix66OeeHM4aa27AxNp2OOHwYSkFatg3lU7qx1eMA==",
      "dependencies": {
        "@ibgib/helper-gib": "^0.0.31"
      },
      "engines": {
        "node": ">=19.0.0"
      },
      "funding": {
        "type": "individual",
        "url": "https://paypal.me/ibGib"
      }
    },
    "node_modules/@types/node": {
      "version": "20.17.57",
      "resolved": "https://registry.npmjs.org/@types/node/-/node-20.17.57.tgz",
      "integrity": "sha512-f3T4y6VU4fVQDKVqJV4Uppy8c1p/sVvS3peyqxyWnzkqXFJLRU7Y1Bl7rMS1Qe9z0v4M6McY0Fp9yBsgHJUsWQ==",
      "dev": true,
      "dependencies": {
        "undici-types": "~6.19.2"
      }
    },
    "node_modules/undici-types": {
      "version": "6.19.8",
      "resolved": "https://registry.npmjs.org/undici-types/-/undici-types-6.19.8.tgz",
      "integrity": "sha512-ve2KP6f/JnbPBFyobGHuerC9g1FYGn/F8n1LWTwNxCEzd6IfqTwUQcNXgEtmmQ6DlRrC1hrSrBnCZPokRrDHjw==",
      "dev": true
    }
  }
}
